
Microsoft Visual Studio Solution File, Format Version 12.00
# Visual Studio 14
VisualStudioVersion = 14.0.25420.1
MinimumVisualStudioVersion = 10.0.40219.1
Project("{FAE04EC0-301F-11D3-BF4B-00C04F79EFBC}") = "MoviesSystem", "MoviesSystem\MoviesSystem.csproj", "{1DFD9BA3-F8B1-48E6-991E-DA114F5EC479}"
EndProject
Project("{FAE04EC0-301F-11D3-BF4B-00C04F79EFBC}") = "MoviesSystem.Models", "MoviesSystem.Models\MoviesSystem.Models.csproj", "{E0CF94BE-F765-45D9-AB2E-88F9E623D182}"
EndProject
Global
	GlobalSection(SolutionConfigurationPlatforms) = preSolution
		Debug|Any CPU = Debug|Any CPU
		Release|Any CPU = Release|Any CPU
	EndGlobalSection
	GlobalSection(ProjectConfigurationPlatforms) = postSolution
		{1DFD9BA3-F8B1-48E6-991E-DA114F5EC479}.Debug|Any CPU.ActiveCfg = Debug|Any CPU
		{1DFD9BA3-F8B1-48E6-991E-DA114F5EC479}.Debug|Any CPU.Build.0 = Debug|Any CPU
		{1DFD9BA3-F8B1-48E6-991E-DA114F5EC479}.Release|Any CPU.ActiveCfg = Release|Any CPU
		{1DFD9BA3-F8B1-48E6-991E-DA114F5EC479}.Release|Any CPU.Build.0 = Release|Any CPU
		{E0CF94BE-F765-45D9-AB2E-88F9E623D182}.Debug|Any CPU.ActiveCfg = Debug|Any CPU
		{E0CF94BE-F765-45D9-AB2E-88F9E623D182}.Debug|Any CPU.Build.0 = Debug|Any CPU
		{E0CF94BE-F765-45D9-AB2E-88F9E623D182}.Release|Any CPU.ActiveCfg = Release|Any CPU
		{E0CF94BE-F765-45D9-AB2E-88F9E623D182}.Release|Any CPU.Build.0 = Release|Any CPU
	EndGlobalSection
	GlobalSection(SolutionProperties) = preSolution
		HideSolutionNode = FALSE
	EndGlobalSection
EndGlobal
